
Microsoft Visual Studio Solution File, Format Version 12.00
# Visual Studio Version 16
VisualStudioVersion = 16.0.30114.105
MinimumVisualStudioVersion = 10.0.40219.1
Project("{2150E333-8FDC-42A3-9474-1A3956D46DE8}") = "Actor", "Actor", "{31D89249-CBB8-40FA-A1C5-4841F7B2C235}"
EndProject
Project("{FAE04EC0-301F-11D3-BF4B-00C04F79EFBC}") = "ActorClient", "Actor\ActorClient\ActorClient.csproj", "{20C9C2D4-1BE4-4A67-9196-DD43807970DC}"
EndProject
Project("{FAE04EC0-301F-11D3-BF4B-00C04F79EFBC}") = "DemoActor", "Actor\DemoActor\DemoActor.csproj", "{03434D13-E923-4E8A-A2D0-9660A4F6E5B9}"
EndProject
Project("{FAE04EC0-301F-11D3-BF4B-00C04F79EFBC}") = "IDemoActor", "Actor\IDemoActor\IDemoActor.csproj", "{65297896-CE2B-4500-9A20-7E2180EF7D8C}"
EndProject
Project("{2150E333-8FDC-42A3-9474-1A3956D46DE8}") = "AspNetCore", "AspNetCore", "{3D89C289-36F6-4B6A-A81A-53A2C446C82D}"
EndProject
Project("{FAE04EC0-301F-11D3-BF4B-00C04F79EFBC}") = "ControllerSample", "AspNetCore\ControllerSample\ControllerSample.csproj", "{984BC7D3-23F0-4176-9341-5B7A430F107C}"
EndProject
Project("{FAE04EC0-301F-11D3-BF4B-00C04F79EFBC}") = "GrpcServiceSample", "AspNetCore\GrpcServiceSample\GrpcServiceSample.csproj", "{1A1204C4-31AF-46A0-A8D5-6650B2E57A63}"
EndProject
Project("{FAE04EC0-301F-11D3-BF4B-00C04F79EFBC}") = "RoutingSample", "AspNetCore\RoutingSample\RoutingSample.csproj", "{23471A7D-F816-44F5-AAE6-3D6AB3CA3682}"
EndProject
Project("{FAE04EC0-301F-11D3-BF4B-00C04F79EFBC}") = "SecretStoreConfigurationProviderSample", "AspNetCore\SecretStoreConfigurationProviderSample\SecretStoreConfigurationProviderSample.csproj", "{BABF907B-788E-40AC-B8E7-27E04430728F}"
EndProject
Project("{2150E333-8FDC-42A3-9474-1A3956D46DE8}") = "Client", "Client", "{09A70B33-D772-463D-B48F-FB4A6416885A}"
EndProject
Project("{FAE04EC0-301F-11D3-BF4B-00C04F79EFBC}") = "PublishSubscribe", "Client\PublishSubscribe\PublishSubscribe.csproj", "{B181F0F7-61AB-400B-A372-73567EC6FF80}"
EndProject
Project("{FAE04EC0-301F-11D3-BF4B-00C04F79EFBC}") = "ServiceInvocation", "Client\ServiceInvocation\ServiceInvocation.csproj", "{824ECA59-02E1-46C8-9DA8-A26175CF5183}"
EndProject
Project("{FAE04EC0-301F-11D3-BF4B-00C04F79EFBC}") = "StateManagement", "Client\StateManagement\StateManagement.csproj", "{15A7B166-AA18-4B71-96EA-93A001E7AA37}"
EndProject
Project("{FAE04EC0-301F-11D3-BF4B-00C04F79EFBC}") = "BindingsService", "BindingsService\BindingsService.csproj", "{4D97A909-09C2-4257-AA3A-94A78FDAF9F7}"
EndProject
Project("{2150E333-8FDC-42A3-9474-1A3956D46DE8}") = "Bindings", "Bindings", "{BC3BCB00-7CDB-11EC-8F24-B7B1CBAB3C05}"
EndProject
Project("{FAE04EC0-301F-11D3-BF4B-00C04F79EFBC}") = "BindingsClient", "BindingsClient\BindingsClient.csproj", "{7E671804-2FAB-46CA-85D8-D15CAE7F06BC}"
EndProject
Global
	GlobalSection(SolutionConfigurationPlatforms) = preSolution
		Debug|Any CPU = Debug|Any CPU
		Release|Any CPU = Release|Any CPU
	EndGlobalSection
	GlobalSection(SolutionProperties) = preSolution
		HideSolutionNode = FALSE
	EndGlobalSection
	GlobalSection(ProjectConfigurationPlatforms) = postSolution
		{20C9C2D4-1BE4-4A67-9196-DD43807970DC}.Debug|Any CPU.ActiveCfg = Debug|Any CPU
		{20C9C2D4-1BE4-4A67-9196-DD43807970DC}.Debug|Any CPU.Build.0 = Debug|Any CPU
		{20C9C2D4-1BE4-4A67-9196-DD43807970DC}.Release|Any CPU.ActiveCfg = Release|Any CPU
		{20C9C2D4-1BE4-4A67-9196-DD43807970DC}.Release|Any CPU.Build.0 = Release|Any CPU
		{03434D13-E923-4E8A-A2D0-9660A4F6E5B9}.Debug|Any CPU.ActiveCfg = Debug|Any CPU
		{03434D13-E923-4E8A-A2D0-9660A4F6E5B9}.Debug|Any CPU.Build.0 = Debug|Any CPU
		{03434D13-E923-4E8A-A2D0-9660A4F6E5B9}.Release|Any CPU.ActiveCfg = Release|Any CPU
		{03434D13-E923-4E8A-A2D0-9660A4F6E5B9}.Release|Any CPU.Build.0 = Release|Any CPU
		{65297896-CE2B-4500-9A20-7E2180EF7D8C}.Debug|Any CPU.ActiveCfg = Debug|Any CPU
		{65297896-CE2B-4500-9A20-7E2180EF7D8C}.Debug|Any CPU.Build.0 = Debug|Any CPU
		{65297896-CE2B-4500-9A20-7E2180EF7D8C}.Release|Any CPU.ActiveCfg = Release|Any CPU
		{65297896-CE2B-4500-9A20-7E2180EF7D8C}.Release|Any CPU.Build.0 = Release|Any CPU
		{984BC7D3-23F0-4176-9341-5B7A430F107C}.Debug|Any CPU.ActiveCfg = Debug|Any CPU
		{984BC7D3-23F0-4176-9341-5B7A430F107C}.Debug|Any CPU.Build.0 = Debug|Any CPU
		{984BC7D3-23F0-4176-9341-5B7A430F107C}.Release|Any CPU.ActiveCfg = Release|Any CPU
		{984BC7D3-23F0-4176-9341-5B7A430F107C}.Release|Any CPU.Build.0 = Release|Any CPU
		{1A1204C4-31AF-46A0-A8D5-6650B2E57A63}.Debug|Any CPU.ActiveCfg = Debug|Any CPU
		{1A1204C4-31AF-46A0-A8D5-6650B2E57A63}.Debug|Any CPU.Build.0 = Debug|Any CPU
		{1A1204C4-31AF-46A0-A8D5-6650B2E57A63}.Release|Any CPU.ActiveCfg = Release|Any CPU
		{1A1204C4-31AF-46A0-A8D5-6650B2E57A63}.Release|Any CPU.Build.0 = Release|Any CPU
		{23471A7D-F816-44F5-AAE6-3D6AB3CA3682}.Debug|Any CPU.ActiveCfg = Debug|Any CPU
		{23471A7D-F816-44F5-AAE6-3D6AB3CA3682}.Debug|Any CPU.Build.0 = Debug|Any CPU
		{23471A7D-F816-44F5-AAE6-3D6AB3CA3682}.Release|Any CPU.ActiveCfg = Release|Any CPU
		{23471A7D-F816-44F5-AAE6-3D6AB3CA3682}.Release|Any CPU.Build.0 = Release|Any CPU
		{BABF907B-788E-40AC-B8E7-27E04430728F}.Debug|Any CPU.ActiveCfg = Debug|Any CPU
		{BABF907B-788E-40AC-B8E7-27E04430728F}.Debug|Any CPU.Build.0 = Debug|Any CPU
		{BABF907B-788E-40AC-B8E7-27E04430728F}.Release|Any CPU.ActiveCfg = Release|Any CPU
		{BABF907B-788E-40AC-B8E7-27E04430728F}.Release|Any CPU.Build.0 = Release|Any CPU
		{B181F0F7-61AB-400B-A372-73567EC6FF80}.Debug|Any CPU.ActiveCfg = Debug|Any CPU
		{B181F0F7-61AB-400B-A372-73567EC6FF80}.Debug|Any CPU.Build.0 = Debug|Any CPU
		{B181F0F7-61AB-400B-A372-73567EC6FF80}.Release|Any CPU.ActiveCfg = Release|Any CPU
		{B181F0F7-61AB-400B-A372-73567EC6FF80}.Release|Any CPU.Build.0 = Release|Any CPU
		{824ECA59-02E1-46C8-9DA8-A26175CF5183}.Debug|Any CPU.ActiveCfg = Debug|Any CPU
		{824ECA59-02E1-46C8-9DA8-A26175CF5183}.Debug|Any CPU.Build.0 = Debug|Any CPU
		{824ECA59-02E1-46C8-9DA8-A26175CF5183}.Release|Any CPU.ActiveCfg = Release|Any CPU
		{824ECA59-02E1-46C8-9DA8-A26175CF5183}.Release|Any CPU.Build.0 = Release|Any CPU
		{15A7B166-AA18-4B71-96EA-93A001E7AA37}.Debug|Any CPU.ActiveCfg = Debug|Any CPU
		{15A7B166-AA18-4B71-96EA-93A001E7AA37}.Debug|Any CPU.Build.0 = Debug|Any CPU
		{15A7B166-AA18-4B71-96EA-93A001E7AA37}.Release|Any CPU.ActiveCfg = Release|Any CPU
		{15A7B166-AA18-4B71-96EA-93A001E7AA37}.Release|Any CPU.Build.0 = Release|Any CPU
		{4D97A909-09C2-4257-AA3A-94A78FDAF9F7}.Debug|Any CPU.ActiveCfg = Debug|Any CPU
		{4D97A909-09C2-4257-AA3A-94A78FDAF9F7}.Debug|Any CPU.Build.0 = Debug|Any CPU
		{4D97A909-09C2-4257-AA3A-94A78FDAF9F7}.Release|Any CPU.ActiveCfg = Release|Any CPU
		{4D97A909-09C2-4257-AA3A-94A78FDAF9F7}.Release|Any CPU.Build.0 = Release|Any CPU
		{7E671804-2FAB-46CA-85D8-D15CAE7F06BC}.Debug|Any CPU.ActiveCfg = Debug|Any CPU
		{7E671804-2FAB-46CA-85D8-D15CAE7F06BC}.Debug|Any CPU.Build.0 = Debug|Any CPU
		{7E671804-2FAB-46CA-85D8-D15CAE7F06BC}.Release|Any CPU.ActiveCfg = Release|Any CPU
		{7E671804-2FAB-46CA-85D8-D15CAE7F06BC}.Release|Any CPU.Build.0 = Release|Any CPU
	EndGlobalSection
	GlobalSection(NestedProjects) = preSolution
		{7E671804-2FAB-46CA-85D8-D15CAE7F06BC} = {BC3BCB00-7CDB-11EC-8F24-B7B1CBAB3C05}
		{4D97A909-09C2-4257-AA3A-94A78FDAF9F7} = {BC3BCB00-7CDB-11EC-8F24-B7B1CBAB3C05}
		{20C9C2D4-1BE4-4A67-9196-DD43807970DC} = {31D89249-CBB8-40FA-A1C5-4841F7B2C235}
		{03434D13-E923-4E8A-A2D0-9660A4F6E5B9} = {31D89249-CBB8-40FA-A1C5-4841F7B2C235}
		{65297896-CE2B-4500-9A20-7E2180EF7D8C} = {31D89249-CBB8-40FA-A1C5-4841F7B2C235}
		{984BC7D3-23F0-4176-9341-5B7A430F107C} = {3D89C289-36F6-4B6A-A81A-53A2C446C82D}
		{1A1204C4-31AF-46A0-A8D5-6650B2E57A63} = {3D89C289-36F6-4B6A-A81A-53A2C446C82D}
		{23471A7D-F816-44F5-AAE6-3D6AB3CA3682} = {3D89C289-36F6-4B6A-A81A-53A2C446C82D}
		{BABF907B-788E-40AC-B8E7-27E04430728F} = {3D89C289-36F6-4B6A-A81A-53A2C446C82D}
		{B181F0F7-61AB-400B-A372-73567EC6FF80} = {09A70B33-D772-463D-B48F-FB4A6416885A}
		{824ECA59-02E1-46C8-9DA8-A26175CF5183} = {09A70B33-D772-463D-B48F-FB4A6416885A}
		{15A7B166-AA18-4B71-96EA-93A001E7AA37} = {09A70B33-D772-463D-B48F-FB4A6416885A}
	EndGlobalSection
EndGlobal
